{
  "version": 4,
  "terraform_version": "1.14.1",
  "serial": 22,
  "lineage": "73fc41e3-ff42-ebce-9502-df5f7cd3a971",
  "outputs": {
    "alb_dns_name": {
      "value": "Harshit-Parmar-alb-1075726718.us-east-1.elb.amazonaws.com",
      "type": "string"
    },
    "alb_security_group_id": {
      "value": "sg-030a1b6063f760e4b",
      "type": "string"
    },
    "alb_url": {
      "value": "http://Harshit-Parmar-alb-1075726718.us-east-1.elb.amazonaws.com",
      "type": "string"
    },
    "autoscaling_group_name": {
      "value": "Harshit-Parmar_asg",
      "type": "string"
    },
    "ec2_security_group_id": {
      "value": "sg-03bb8f951c1f5fcf0",
      "type": "string"
    },
    "launch_template_id": {
      "value": "lt-04cb54e81f414a1b3",
      "type": "string"
    },
    "private_subnet_ids": {
      "value": [
        "subnet-0d7860686bbd77f01",
        "subnet-03b208df0d8bfeb74"
      ],
      "type": [
        "tuple",
        [
          "string",
          "string"
        ]
      ]
    },
    "public_subnet_ids": {
      "value": [
        "subnet-08879e1855ab34c78",
        "subnet-00981048a2d586f0c"
      ],
      "type": [
        "tuple",
        [
          "string",
          "string"
        ]
      ]
    },
    "target_group_arn": {
      "value": "arn:aws:elasticloadbalancing:us-east-1:576076729982:targetgroup/Harshit-Parmar-tg/2469c4365e32bb39",
      "type": "string"
    },
    "vpc_id": {
      "value": "vpc-059d977f76e5e8f1e",
      "type": "string"
    }
  },
  "resources": [
    {
      "mode": "data",
      "type": "aws_ami",
      "name": "amazon_linux_2",
      "provider": "provider[\"registry.terraform.io/hashicorp/aws\"]",
      "instances": [
        {
          "schema_version": 0,
          "attributes": {
            "architecture": "x86_64",
            "arn": "arn:aws:ec2:us-east-1::image/ami-0156001f0548e90b1",
            "block_device_mappings": [
              {
                "device_name": "/dev/xvda",
                "ebs": {
                  "delete_on_termination": "true",
                  "encrypted": "false",
                  "iops": "0",
                  "snapshot_id": "snap-0ea2b465cc56e487c",
                  "throughput": "0",
                  "volume_initialization_rate": "0",
                  "volume_size": "8",
                  "volume_type": "gp2"
                },
                "no_device": "",
                "virtual_name": ""
              }
            ],
            "boot_mode": "",
            "creation_date": "2025-11-21T08:38:04.000Z",
            "deprecation_time": "2026-02-19T00:00:00.000Z",
            "description": "Amazon Linux 2 AMI 2.0.20251121.0 x86_64 HVM gp2",
            "ena_support": true,
            "executable_users": null,
            "filter": [
              {
                "name": "name",
                "values": [
                  "amzn2-ami-hvm-*-x86_64-gp2"
                ]
              },
              {
                "name": "virtualization-type",
                "values": [
                  "hvm"
                ]
              }
            ],
            "hypervisor": "xen",
            "id": "ami-0156001f0548e90b1",
            "image_id": "ami-0156001f0548e90b1",
            "image_location": "amazon/amzn2-ami-hvm-2.0.20251121.0-x86_64-gp2",
            "image_owner_alias": "amazon",
            "image_type": "machine",
            "imds_support": "",
            "include_deprecated": false,
            "kernel_id": "",
            "last_launched_time": "",
            "most_recent": true,
            "name": "amzn2-ami-hvm-2.0.20251121.0-x86_64-gp2",
            "name_regex": null,
            "owner_id": "137112412989",
            "owners": [
              "amazon"
            ],
            "platform": "",
            "platform_details": "Linux/UNIX",
            "product_codes": [],
            "public": true,
            "ramdisk_id": "",
            "root_device_name": "/dev/xvda",
            "root_device_type": "ebs",
            "root_snapshot_id": "snap-0ea2b465cc56e487c",
            "sriov_net_support": "simple",
            "state": "available",
            "state_reason": {
              "code": "UNSET",
              "message": "UNSET"
            },
            "tags": {},
            "timeouts": null,
            "tpm_support": "",
            "uefi_data": null,
            "usage_operation": "RunInstances",
            "virtualization_type": "hvm"
          },
          "sensitive_attributes": [],
          "identity_schema_version": 0
        }
      ]
    },
    {
      "mode": "managed",
      "type": "aws_autoscaling_group",
      "name": "main",
      "provider": "provider[\"registry.terraform.io/hashicorp/aws\"]",
      "instances": [
        {
          "schema_version": 1,
          "attributes": {
            "arn": "arn:aws:autoscaling:us-east-1:576076729982:autoScalingGroup:e018e122-7142-4425-a170-615e3d48e4b0:autoScalingGroupName/Harshit-Parmar_asg",
            "availability_zone_distribution": [
              {
                "capacity_distribution_strategy": "balanced-best-effort"
              }
            ],
            "availability_zones": [
              "us-east-1a",
              "us-east-1b"
            ],
            "capacity_rebalance": false,
            "capacity_reservation_specification": [
              {
                "capacity_reservation_preference": "default",
                "capacity_reservation_target": []
              }
            ],
            "context": "",
            "default_cooldown": 300,
            "default_instance_warmup": 0,
            "desired_capacity": 2,
            "desired_capacity_type": "",
            "enabled_metrics": null,
            "force_delete": false,
            "force_delete_warm_pool": false,
            "health_check_grace_period": 300,
            "health_check_type": "ELB",
            "id": "Harshit-Parmar_asg",
            "ignore_failed_scaling_activities": false,
            "initial_lifecycle_hook": [],
            "instance_maintenance_policy": [],
            "instance_refresh": [],
            "launch_configuration": "",
            "launch_template": [
              {
                "id": "lt-04cb54e81f414a1b3",
                "name": "Harshit-Parmar-lt-20251203200843476600000002",
                "version": "$Latest"
              }
            ],
            "load_balancers": [],
            "max_instance_lifetime": 0,
            "max_size": 4,
            "metrics_granularity": "1Minute",
            "min_elb_capacity": null,
            "min_size": 2,
            "mixed_instances_policy": [],
            "name": "Harshit-Parmar_asg",
            "name_prefix": "",
            "placement_group": "",
            "predicted_capacity": 0,
            "protect_from_scale_in": false,
            "service_linked_role_arn": "arn:aws:iam::576076729982:role/aws-service-role/autoscaling.amazonaws.com/AWSServiceRoleForAutoScaling",
            "suspended_processes": null,
            "tag": [
              {
                "key": "Name",
                "propagate_at_launch": true,
                "value": "Harshit-Parmar_asg_instance"
              }
            ],
            "target_group_arns": [
              "arn:aws:elasticloadbalancing:us-east-1:576076729982:targetgroup/Harshit-Parmar-tg/2469c4365e32bb39"
            ],
            "termination_policies": null,
            "timeouts": null,
            "traffic_source": [
              {
                "identifier": "arn:aws:elasticloadbalancing:us-east-1:576076729982:targetgroup/Harshit-Parmar-tg/2469c4365e32bb39",
                "type": "elbv2"
              }
            ],
            "vpc_zone_identifier": [
              "subnet-03b208df0d8bfeb74",
              "subnet-0d7860686bbd77f01"
            ],
            "wait_for_capacity_timeout": "10m",
            "wait_for_elb_capacity": null,
            "warm_pool": [],
            "warm_pool_size": 0
          },
          "sensitive_attributes": [],
          "identity_schema_version": 0,
          "private": "eyJlMmJmYjczMC1lY2FhLTExZTYtOGY4OC0zNDM2M2JjN2M0YzAiOnsiZGVsZXRlIjo2MDAwMDAwMDAwMDAsInVwZGF0ZSI6NjAwMDAwMDAwMDAwfSwic2NoZW1hX3ZlcnNpb24iOiIxIn0=",
          "dependencies": [
            "aws_launch_template.main",
            "aws_lb_target_group.main",
            "aws_security_group.alb",
            "aws_security_group.ec2",
            "aws_subnet.private",
            "aws_vpc.main",
            "data.aws_ami.amazon_linux_2"
          ],
          "create_before_destroy": true
        }
      ]
    },
    {
      "mode": "managed",
      "type": "aws_eip",
      "name": "nat",
      "provider": "provider[\"registry.terraform.io/hashicorp/aws\"]",
      "instances": [
        {
          "schema_version": 0,
          "attributes": {
            "address": null,
            "allocation_id": "eipalloc-02a897bbed05a3070",
            "arn": "arn:aws:ec2:us-east-1:576076729982:elastic-ip/eipalloc-02a897bbed05a3070",
            "associate_with_private_ip": null,
            "association_id": "",
            "carrier_ip": "",
            "customer_owned_ip": "",
            "customer_owned_ipv4_pool": "",
            "domain": "vpc",
            "id": "eipalloc-02a897bbed05a3070",
            "instance": "",
            "ipam_pool_id": null,
            "network_border_group": "us-east-1",
            "network_interface": "",
            "private_dns": null,
            "private_ip": "",
            "ptr_record": "",
            "public_dns": "ec2-3-211-216-209.compute-1.amazonaws.com",
            "public_ip": "3.211.216.209",
            "public_ipv4_pool": "amazon",
            "tags": {
              "Name": "Harshit-Parmar_nat_eip"
            },
            "tags_all": {
              "Name": "Harshit-Parmar_nat_eip"
            },
            "timeouts": null,
            "vpc": true
          },
          "sensitive_attributes": [],
          "identity_schema_version": 0,
          "private": "eyJlMmJmYjczMC1lY2FhLTExZTYtOGY4OC0zNDM2M2JjN2M0YzAiOnsiZGVsZXRlIjoxODAwMDAwMDAwMDAsInJlYWQiOjkwMDAwMDAwMDAwMCwidXBkYXRlIjozMDAwMDAwMDAwMDB9fQ==",
          "dependencies": [
            "aws_internet_gateway.main",
            "aws_vpc.main"
          ]
        }
      ]
    },
    {
      "mode": "managed",
      "type": "aws_internet_gateway",
      "name": "main",
      "provider": "provider[\"registry.terraform.io/hashicorp/aws\"]",
      "instances": [
        {
          "schema_version": 0,
          "attributes": {
            "arn": "arn:aws:ec2:us-east-1:576076729982:internet-gateway/igw-041b7f87c082351e5",
            "id": "igw-041b7f87c082351e5",
            "owner_id": "576076729982",
            "tags": {
              "Name": "Harshit-Parmar_igw"
            },
            "tags_all": {
              "Name": "Harshit-Parmar_igw"
            },
            "timeouts": null,
            "vpc_id": "vpc-059d977f76e5e8f1e"
          },
          "sensitive_attributes": [],
          "identity_schema_version": 0,
          "private": "eyJlMmJmYjczMC1lY2FhLTExZTYtOGY4OC0zNDM2M2JjN2M0YzAiOnsiY3JlYXRlIjoxMjAwMDAwMDAwMDAwLCJkZWxldGUiOjEyMDAwMDAwMDAwMDAsInVwZGF0ZSI6MTIwMDAwMDAwMDAwMH19",
          "dependencies": [
            "aws_vpc.main"
          ]
        }
      ]
    },
    {
      "mode": "managed",
      "type": "aws_launch_template",
      "name": "main",
      "provider": "provider[\"registry.terraform.io/hashicorp/aws\"]",
      "instances": [
        {
          "schema_version": 0,
          "attributes": {
            "arn": "arn:aws:ec2:us-east-1:576076729982:launch-template/lt-04cb54e81f414a1b3",
            "block_device_mappings": [],
            "capacity_reservation_specification": [],
            "cpu_options": [],
            "credit_specification": [],
            "default_version": 1,
            "description": "",
            "disable_api_stop": false,
            "disable_api_termination": false,
            "ebs_optimized": "",
            "elastic_gpu_specifications": [],
            "elastic_inference_accelerator": [],
            "enclave_options": [],
            "hibernation_options": [],
            "iam_instance_profile": [],
            "id": "lt-04cb54e81f414a1b3",
            "image_id": "ami-0156001f0548e90b1",
            "instance_initiated_shutdown_behavior": "",
            "instance_market_options": [],
            "instance_requirements": [],
            "instance_type": "t2.micro",
            "kernel_id": "",
            "key_name": "",
            "latest_version": 1,
            "license_specification": [],
            "maintenance_options": [],
            "metadata_options": [],
            "monitoring": [],
            "name": "Harshit-Parmar-lt-20251203200843476600000002",
            "name_prefix": "Harshit-Parmar-lt-",
            "network_interfaces": [],
            "placement": [],
            "private_dns_name_options": [],
            "ram_disk_id": "",
            "security_group_names": null,
            "tag_specifications": [
              {
                "resource_type": "instance",
                "tags": {
                  "Name": "Harshit-Parmar_asg_instance"
                }
              }
            ],
            "tags": null,
            "tags_all": {},
            "update_default_version": null,
            "user_data": "IyEvYmluL2Jhc2gNCiMgVXBkYXRlIHN5c3RlbSBwYWNrYWdlcw0KeXVtIHVwZGF0ZSAteQ0KDQojIEluc3RhbGwgQXBhY2hlIHdlYiBzZXJ2ZXINCnl1bSBpbnN0YWxsIC15IGh0dHBkDQoNCiMgR2V0IGluc3RhbmNlIG1ldGFkYXRhDQpJTlNUQU5DRV9JRD0kKGN1cmwgLXMgaHR0cDovLzE2OS4yNTQuMTY5LjI1NC9sYXRlc3QvbWV0YS1kYXRhL2luc3RhbmNlLWlkKQ0KQVZBSUxBQklMSVRZX1pPTkU9JChjdXJsIC1zIGh0dHA6Ly8xNjkuMjU0LjE2OS4yNTQvbGF0ZXN0L21ldGEtZGF0YS9wbGFjZW1lbnQvYXZhaWxhYmlsaXR5LXpvbmUpDQpQUklWQVRFX0lQPSQoY3VybCAtcyBodHRwOi8vMTY5LjI1NC4xNjkuMjU0L2xhdGVzdC9tZXRhLWRhdGEvbG9jYWwtaXB2NCkNCg0KIyBDcmVhdGUgSFRNTCBwYWdlDQpjYXQgPDxFT0YgPiAvdmFyL3d3dy9odG1sL2luZGV4Lmh0bWwNCjwhRE9DVFlQRSBodG1sPg0KPGh0bWwgbGFuZz0iZW4iPg0KPGhlYWQ+DQogICAgPG1ldGEgY2hhcnNldD0iVVRGLTgiPg0KICAgIDxtZXRhIG5hbWU9InZpZXdwb3J0IiBjb250ZW50PSJ3aWR0aD1kZXZpY2Utd2lkdGgsIGluaXRpYWwtc2NhbGU9MS4wIj4NCiAgICA8dGl0bGU+SEEgQXV0byBTY2FsaW5nIERlbW88L3RpdGxlPg0KICAgIDxzdHlsZT4NCiAgICAgICAgYm9keSB7DQogICAgICAgICAgICBmb250LWZhbWlseTogQXJpYWwsIHNhbnMtc2VyaWY7DQogICAgICAgICAgICBtYXgtd2lkdGg6IDgwMHB4Ow0KICAgICAgICAgICAgbWFyZ2luOiA1MHB4IGF1dG87DQogICAgICAgICAgICBwYWRkaW5nOiAyMHB4Ow0KICAgICAgICAgICAgYmFja2dyb3VuZDogbGluZWFyLWdyYWRpZW50KDEzNWRlZywgIzY2N2VlYSAwJSwgIzc2NGJhMiAxMDAlKTsNCiAgICAgICAgICAgIGNvbG9yOiB3aGl0ZTsNCiAgICAgICAgfQ0KICAgICAgICAuY29udGFpbmVyIHsNCiAgICAgICAgICAgIGJhY2tncm91bmQ6IHJnYmEoMjU1LCAyNTUsIDI1NSwgMC4xKTsNCiAgICAgICAgICAgIGJhY2tkcm9wLWZpbHRlcjogYmx1cigxMHB4KTsNCiAgICAgICAgICAgIGJvcmRlci1yYWRpdXM6IDIwcHg7DQogICAgICAgICAgICBwYWRkaW5nOiA0MHB4Ow0KICAgICAgICAgICAgYm94LXNoYWRvdzogMCA4cHggMzJweCAwIHJnYmEoMzEsIDM4LCAxMzUsIDAuMzcpOw0KICAgICAgICB9DQogICAgICAgIGgxIHsNCiAgICAgICAgICAgIHRleHQtYWxpZ246IGNlbnRlcjsNCiAgICAgICAgICAgIGZvbnQtc2l6ZTogMi41ZW07DQogICAgICAgICAgICBtYXJnaW4tYm90dG9tOiAzMHB4Ow0KICAgICAgICB9DQogICAgICAgIC5pbmZvLWJveCB7DQogICAgICAgICAgICBiYWNrZ3JvdW5kOiByZ2JhKDI1NSwgMjU1LCAyNTUsIDAuMik7DQogICAgICAgICAgICBwYWRkaW5nOiAyMHB4Ow0KICAgICAgICAgICAgYm9yZGVyLXJhZGl1czogMTBweDsNCiAgICAgICAgICAgIG1hcmdpbjogMTVweCAwOw0KICAgICAgICB9DQogICAgICAgIC5sYWJlbCB7DQogICAgICAgICAgICBmb250LXdlaWdodDogYm9sZDsNCiAgICAgICAgICAgIGNvbG9yOiAjZmZkNzAwOw0KICAgICAgICB9DQogICAgICAgIC52YWx1ZSB7DQogICAgICAgICAgICBmb250LXNpemU6IDEuMmVtOw0KICAgICAgICAgICAgbWFyZ2luLXRvcDogNXB4Ow0KICAgICAgICB9DQogICAgPC9zdHlsZT4NCjwvaGVhZD4NCjxib2R5Pg0KICAgIDxkaXYgY2xhc3M9ImNvbnRhaW5lciI+DQogICAgICAgIDxoMT7wn5qAIEhpZ2ggQXZhaWxhYmlsaXR5IERlbW88L2gxPg0KICAgICAgICA8ZGl2IGNsYXNzPSJpbmZvLWJveCI+DQogICAgICAgICAgICA8ZGl2IGNsYXNzPSJsYWJlbCI+SW5zdGFuY2UgSUQ6PC9kaXY+DQogICAgICAgICAgICA8ZGl2IGNsYXNzPSJ2YWx1ZSI+JElOU1RBTkNFX0lEPC9kaXY+DQogICAgICAgIDwvZGl2Pg0KICAgICAgICA8ZGl2IGNsYXNzPSJpbmZvLWJveCI+DQogICAgICAgICAgICA8ZGl2IGNsYXNzPSJsYWJlbCI+QXZhaWxhYmlsaXR5IFpvbmU6PC9kaXY+DQogICAgICAgICAgICA8ZGl2IGNsYXNzPSJ2YWx1ZSI+JEFWQUlMQUJJTElUWV9aT05FPC9kaXY+DQogICAgICAgIDwvZGl2Pg0KICAgICAgICA8ZGl2IGNsYXNzPSJpbmZvLWJveCI+DQogICAgICAgICAgICA8ZGl2IGNsYXNzPSJsYWJlbCI+UHJpdmF0ZSBJUDo8L2Rpdj4NCiAgICAgICAgICAgIDxkaXYgY2xhc3M9InZhbHVlIj4kUFJJVkFURV9JUDwvZGl2Pg0KICAgICAgICA8L2Rpdj4NCiAgICAgICAgPGRpdiBjbGFzcz0iaW5mby1ib3giPg0KICAgICAgICAgICAgPGRpdiBjbGFzcz0ibGFiZWwiPlN0YXR1czo8L2Rpdj4NCiAgICAgICAgICAgIDxkaXYgY2xhc3M9InZhbHVlIj7inIUgUnVubmluZyAmIEhlYWx0aHk8L2Rpdj4NCiAgICAgICAgPC9kaXY+DQogICAgICAgIDxwIHN0eWxlPSJ0ZXh0LWFsaWduOiBjZW50ZXI7IG1hcmdpbi10b3A6IDMwcHg7IGZvbnQtc2l6ZTogMC45ZW07Ij4NCiAgICAgICAgICAgIFJlZnJlc2ggdGhpcyBwYWdlIHRvIHNlZSBkaWZmZXJlbnQgaW5zdGFuY2VzIChsb2FkIGJhbGFuY2luZyBpbiBhY3Rpb24hKQ0KICAgICAgICA8L3A+DQogICAgPC9kaXY+DQo8L2JvZHk+DQo8L2h0bWw+DQpFT0YNCg0KIyBTdGFydCBhbmQgZW5hYmxlIEFwYWNoZQ0Kc3lzdGVtY3RsIHN0YXJ0IGh0dHBkDQpzeXN0ZW1jdGwgZW5hYmxlIGh0dHBkDQoNCiMgQ29uZmlndXJlIGZpcmV3YWxsIChpZiBuZWVkZWQpDQpzeXN0ZW1jdGwgc3RvcCBmaXJld2FsbGQNCnN5c3RlbWN0bCBkaXNhYmxlIGZpcmV3YWxsZA==",
            "vpc_security_group_ids": [
              "sg-03bb8f951c1f5fcf0"
            ]
          },
          "sensitive_attributes": [],
          "identity_schema_version": 0,
          "private": "bnVsbA==",
          "dependencies": [
            "aws_security_group.alb",
            "aws_security_group.ec2",
            "aws_vpc.main",
            "data.aws_ami.amazon_linux_2"
          ],
          "create_before_destroy": true
        }
      ]
    },
    {
      "mode": "managed",
      "type": "aws_lb",
      "name": "main",
      "provider": "provider[\"registry.terraform.io/hashicorp/aws\"]",
      "instances": [
        {
          "schema_version": 0,
          "attributes": {
            "access_logs": [
              {
                "bucket": "",
                "enabled": false,
                "prefix": ""
              }
            ],
            "arn": "arn:aws:elasticloadbalancing:us-east-1:576076729982:loadbalancer/app/Harshit-Parmar-alb/1ef454165f334a0a",
            "arn_suffix": "app/Harshit-Parmar-alb/1ef454165f334a0a",
            "client_keep_alive": 3600,
            "connection_logs": [
              {
                "bucket": "",
                "enabled": false,
                "prefix": ""
              }
            ],
            "customer_owned_ipv4_pool": "",
            "desync_mitigation_mode": "defensive",
            "dns_name": "Harshit-Parmar-alb-1075726718.us-east-1.elb.amazonaws.com",
            "dns_record_client_routing_policy": null,
            "drop_invalid_header_fields": false,
            "enable_cross_zone_load_balancing": true,
            "enable_deletion_protection": false,
            "enable_http2": true,
            "enable_tls_version_and_cipher_suite_headers": false,
            "enable_waf_fail_open": false,
            "enable_xff_client_port": false,
            "enable_zonal_shift": false,
            "enforce_security_group_inbound_rules_on_private_link_traffic": "",
            "id": "arn:aws:elasticloadbalancing:us-east-1:576076729982:loadbalancer/app/Harshit-Parmar-alb/1ef454165f334a0a",
            "idle_timeout": 60,
            "internal": false,
            "ip_address_type": "ipv4",
            "ipam_pools": [],
            "load_balancer_type": "application",
            "minimum_load_balancer_capacity": [],
            "name": "Harshit-Parmar-alb",
            "name_prefix": "",
            "preserve_host_header": false,
            "security_groups": [
              "sg-030a1b6063f760e4b"
            ],
            "subnet_mapping": [
              {
                "allocation_id": "",
                "ipv6_address": "",
                "outpost_id": "",
                "private_ipv4_address": "",
                "subnet_id": "subnet-00981048a2d586f0c"
              },
              {
                "allocation_id": "",
                "ipv6_address": "",
                "outpost_id": "",
                "private_ipv4_address": "",
                "subnet_id": "subnet-08879e1855ab34c78"
              }
            ],
            "subnets": [
              "subnet-00981048a2d586f0c",
              "subnet-08879e1855ab34c78"
            ],
            "tags": {
              "Name": "Harshit-Parmar_alb"
            },
            "tags_all": {
              "Name": "Harshit-Parmar_alb"
            },
            "timeouts": null,
            "vpc_id": "vpc-059d977f76e5e8f1e",
            "xff_header_processing_mode": "append",
            "zone_id": "Z35SXDOTRQ7X7K"
          },
          "sensitive_attributes": [],
          "identity_schema_version": 0,
          "private": "eyJlMmJmYjczMC1lY2FhLTExZTYtOGY4OC0zNDM2M2JjN2M0YzAiOnsiY3JlYXRlIjo2MDAwMDAwMDAwMDAsImRlbGV0ZSI6NjAwMDAwMDAwMDAwLCJ1cGRhdGUiOjYwMDAwMDAwMDAwMH19",
          "dependencies": [
            "aws_security_group.alb",
            "aws_subnet.public",
            "aws_vpc.main"
          ]
        }
      ]
    },
    {
      "mode": "managed",
      "type": "aws_lb_listener",
      "name": "main",
      "provider": "provider[\"registry.terraform.io/hashicorp/aws\"]",
      "instances": [
        {
          "schema_version": 0,
          "attributes": {
            "alpn_policy": null,
            "arn": "arn:aws:elasticloadbalancing:us-east-1:576076729982:listener/app/Harshit-Parmar-alb/1ef454165f334a0a/ea278b92a5cd3d8c",
            "certificate_arn": null,
            "default_action": [
              {
                "authenticate_cognito": [],
                "authenticate_oidc": [],
                "fixed_response": [],
                "forward": [],
                "order": 1,
                "redirect": [],
                "target_group_arn": "arn:aws:elasticloadbalancing:us-east-1:576076729982:targetgroup/Harshit-Parmar-tg/2469c4365e32bb39",
                "type": "forward"
              }
            ],
            "id": "arn:aws:elasticloadbalancing:us-east-1:576076729982:listener/app/Harshit-Parmar-alb/1ef454165f334a0a/ea278b92a5cd3d8c",
            "load_balancer_arn": "arn:aws:elasticloadbalancing:us-east-1:576076729982:loadbalancer/app/Harshit-Parmar-alb/1ef454165f334a0a",
            "mutual_authentication": [],
            "port": 80,
            "protocol": "HTTP",
            "routing_http_request_x_amzn_mtls_clientcert_header_name": null,
            "routing_http_request_x_amzn_mtls_clientcert_issuer_header_name": null,
            "routing_http_request_x_amzn_mtls_clientcert_leaf_header_name": null,
            "routing_http_request_x_amzn_mtls_clientcert_serial_number_header_name": null,
            "routing_http_request_x_amzn_mtls_clientcert_subject_header_name": null,
            "routing_http_request_x_amzn_mtls_clientcert_validity_header_name": null,
            "routing_http_request_x_amzn_tls_cipher_suite_header_name": null,
            "routing_http_request_x_amzn_tls_version_header_name": null,
            "routing_http_response_access_control_allow_credentials_header_value": "",
            "routing_http_response_access_control_allow_headers_header_value": "",
            "routing_http_response_access_control_allow_methods_header_value": "",
            "routing_http_response_access_control_allow_origin_header_value": "",
            "routing_http_response_access_control_expose_headers_header_value": "",
            "routing_http_response_access_control_max_age_header_value": "",
            "routing_http_response_content_security_policy_header_value": "",
            "routing_http_response_server_enabled": true,
            "routing_http_response_strict_transport_security_header_value": "",
            "routing_http_response_x_content_type_options_header_value": "",
            "routing_http_response_x_frame_options_header_value": "",
            "ssl_policy": "",
            "tags": null,
            "tags_all": {},
            "tcp_idle_timeout_seconds": null,
            "timeouts": null
          },
          "sensitive_attributes": [],
          "identity_schema_version": 0,
          "private": "eyJlMmJmYjczMC1lY2FhLTExZTYtOGY4OC0zNDM2M2JjN2M0YzAiOnsiY3JlYXRlIjozMDAwMDAwMDAwMDAsInVwZGF0ZSI6MzAwMDAwMDAwMDAwfX0=",
          "dependencies": [
            "aws_lb.main",
            "aws_lb_target_group.main",
            "aws_security_group.alb",
            "aws_subnet.public",
            "aws_vpc.main"
          ]
        }
      ]
    },
    {
      "mode": "managed",
      "type": "aws_lb_target_group",
      "name": "main",
      "provider": "provider[\"registry.terraform.io/hashicorp/aws\"]",
      "instances": [
        {
          "schema_version": 0,
          "attributes": {
            "arn": "arn:aws:elasticloadbalancing:us-east-1:576076729982:targetgroup/Harshit-Parmar-tg/2469c4365e32bb39",
            "arn_suffix": "targetgroup/Harshit-Parmar-tg/2469c4365e32bb39",
            "connection_termination": null,
            "deregistration_delay": "300",
            "health_check": [
              {
                "enabled": true,
                "healthy_threshold": 2,
                "interval": 30,
                "matcher": "200",
                "path": "/",
                "port": "traffic-port",
                "protocol": "HTTP",
                "timeout": 5,
                "unhealthy_threshold": 2
              }
            ],
            "id": "arn:aws:elasticloadbalancing:us-east-1:576076729982:targetgroup/Harshit-Parmar-tg/2469c4365e32bb39",
            "ip_address_type": "ipv4",
            "lambda_multi_value_headers_enabled": false,
            "load_balancer_arns": [],
            "load_balancing_algorithm_type": "round_robin",
            "load_balancing_anomaly_mitigation": "off",
            "load_balancing_cross_zone_enabled": "use_load_balancer_configuration",
            "name": "Harshit-Parmar-tg",
            "name_prefix": "",
            "port": 80,
            "preserve_client_ip": null,
            "protocol": "HTTP",
            "protocol_version": "HTTP1",
            "proxy_protocol_v2": false,
            "slow_start": 0,
            "stickiness": [
              {
                "cookie_duration": 86400,
                "cookie_name": "",
                "enabled": false,
                "type": "lb_cookie"
              }
            ],
            "tags": {
              "Name": "Harshit-Parmar_target_group"
            },
            "tags_all": {
              "Name": "Harshit-Parmar_target_group"
            },
            "target_failover": [
              {
                "on_deregistration": null,
                "on_unhealthy": null
              }
            ],
            "target_group_health": [
              {
                "dns_failover": [
                  {
                    "minimum_healthy_targets_count": "1",
                    "minimum_healthy_targets_percentage": "off"
                  }
                ],
                "unhealthy_state_routing": [
                  {
                    "minimum_healthy_targets_count": 1,
                    "minimum_healthy_targets_percentage": "off"
                  }
                ]
              }
            ],
            "target_health_state": [
              {
                "enable_unhealthy_connection_termination": null,
                "unhealthy_draining_interval": null
              }
            ],
            "target_type": "instance",
            "vpc_id": "vpc-059d977f76e5e8f1e"
          },
          "sensitive_attributes": [],
          "identity_schema_version": 0,
          "private": "bnVsbA==",
          "dependencies": [
            "aws_vpc.main"
          ],
          "create_before_destroy": true
        }
      ]
    },
    {
      "mode": "managed",
      "type": "aws_nat_gateway",
      "name": "main",
      "provider": "provider[\"registry.terraform.io/hashicorp/aws\"]",
      "instances": [
        {
          "schema_version": 0,
          "attributes": {
            "allocation_id": "eipalloc-02a897bbed05a3070",
            "association_id": "eipassoc-0c1008e7fb293a697",
            "connectivity_type": "public",
            "id": "nat-0ec36901920167dba",
            "network_interface_id": "eni-0eecc7ad4d7675590",
            "private_ip": "10.0.1.240",
            "public_ip": "3.211.216.209",
            "secondary_allocation_ids": null,
            "secondary_private_ip_address_count": 0,
            "secondary_private_ip_addresses": [],
            "subnet_id": "subnet-08879e1855ab34c78",
            "tags": {
              "Name": "Harshit-Parmar_nat_gateway"
            },
            "tags_all": {
              "Name": "Harshit-Parmar_nat_gateway"
            },
            "timeouts": null
          },
          "sensitive_attributes": [],
          "identity_schema_version": 0,
          "private": "eyJlMmJmYjczMC1lY2FhLTExZTYtOGY4OC0zNDM2M2JjN2M0YzAiOnsiY3JlYXRlIjo2MDAwMDAwMDAwMDAsImRlbGV0ZSI6MTgwMDAwMDAwMDAwMCwidXBkYXRlIjo2MDAwMDAwMDAwMDB9fQ==",
          "dependencies": [
            "aws_eip.nat",
            "aws_internet_gateway.main",
            "aws_subnet.public",
            "aws_vpc.main"
          ]
        }
      ]
    },
    {
      "mode": "managed",
      "type": "aws_route_table",
      "name": "private",
      "provider": "provider[\"registry.terraform.io/hashicorp/aws\"]",
      "instances": [
        {
          "schema_version": 0,
          "attributes": {
            "arn": "arn:aws:ec2:us-east-1:576076729982:route-table/rtb-0af4aa19ea23409a1",
            "id": "rtb-0af4aa19ea23409a1",
            "owner_id": "576076729982",
            "propagating_vgws": [],
            "route": [
              {
                "carrier_gateway_id": "",
                "cidr_block": "0.0.0.0/0",
                "core_network_arn": "",
                "destination_prefix_list_id": "",
                "egress_only_gateway_id": "",
                "gateway_id": "",
                "ipv6_cidr_block": "",
                "local_gateway_id": "",
                "nat_gateway_id": "nat-0ec36901920167dba",
                "network_interface_id": "",
                "transit_gateway_id": "",
                "vpc_endpoint_id": "",
                "vpc_peering_connection_id": ""
              }
            ],
            "tags": {
              "Name": "Harshit-Parmar_private_rt"
            },
            "tags_all": {
              "Name": "Harshit-Parmar_private_rt"
            },
            "timeouts": null,
            "vpc_id": "vpc-059d977f76e5e8f1e"
          },
          "sensitive_attributes": [],
          "identity_schema_version": 0,
          "private": "eyJlMmJmYjczMC1lY2FhLTExZTYtOGY4OC0zNDM2M2JjN2M0YzAiOnsiY3JlYXRlIjozMDAwMDAwMDAwMDAsImRlbGV0ZSI6MzAwMDAwMDAwMDAwLCJ1cGRhdGUiOjEyMDAwMDAwMDAwMH19",
          "dependencies": [
            "aws_eip.nat",
            "aws_internet_gateway.main",
            "aws_nat_gateway.main",
            "aws_subnet.public",
            "aws_vpc.main"
          ]
        }
      ]
    },
    {
      "mode": "managed",
      "type": "aws_route_table",
      "name": "public",
      "provider": "provider[\"registry.terraform.io/hashicorp/aws\"]",
      "instances": [
        {
          "schema_version": 0,
          "attributes": {
            "arn": "arn:aws:ec2:us-east-1:576076729982:route-table/rtb-08b92b6fbdf0a1c92",
            "id": "rtb-08b92b6fbdf0a1c92",
            "owner_id": "576076729982",
            "propagating_vgws": [],
            "route": [
              {
                "carrier_gateway_id": "",
                "cidr_block": "0.0.0.0/0",
                "core_network_arn": "",
                "destination_prefix_list_id": "",
                "egress_only_gateway_id": "",
                "gateway_id": "igw-041b7f87c082351e5",
                "ipv6_cidr_block": "",
                "local_gateway_id": "",
                "nat_gateway_id": "",
                "network_interface_id": "",
                "transit_gateway_id": "",
                "vpc_endpoint_id": "",
                "vpc_peering_connection_id": ""
              }
            ],
            "tags": {
              "Name": "Harshit-Parmar_public_rt"
            },
            "tags_all": {
              "Name": "Harshit-Parmar_public_rt"
            },
            "timeouts": null,
            "vpc_id": "vpc-059d977f76e5e8f1e"
          },
          "sensitive_attributes": [],
          "identity_schema_version": 0,
          "private": "eyJlMmJmYjczMC1lY2FhLTExZTYtOGY4OC0zNDM2M2JjN2M0YzAiOnsiY3JlYXRlIjozMDAwMDAwMDAwMDAsImRlbGV0ZSI6MzAwMDAwMDAwMDAwLCJ1cGRhdGUiOjEyMDAwMDAwMDAwMH19",
          "dependencies": [
            "aws_internet_gateway.main",
            "aws_vpc.main"
          ]
        }
      ]
    },
    {
      "mode": "managed",
      "type": "aws_route_table_association",
      "name": "private",
      "provider": "provider[\"registry.terraform.io/hashicorp/aws\"]",
      "instances": [
        {
          "index_key": 0,
          "schema_version": 0,
          "attributes": {
            "gateway_id": "",
            "id": "rtbassoc-008fb941b9c797e95",
            "route_table_id": "rtb-0af4aa19ea23409a1",
            "subnet_id": "subnet-0d7860686bbd77f01",
            "timeouts": null
          },
          "sensitive_attributes": [],
          "identity_schema_version": 0,
          "private": "eyJlMmJmYjczMC1lY2FhLTExZTYtOGY4OC0zNDM2M2JjN2M0YzAiOnsiY3JlYXRlIjozMDAwMDAwMDAwMDAsImRlbGV0ZSI6MzAwMDAwMDAwMDAwLCJ1cGRhdGUiOjEyMDAwMDAwMDAwMH19",
          "dependencies": [
            "aws_eip.nat",
            "aws_internet_gateway.main",
            "aws_nat_gateway.main",
            "aws_route_table.private",
            "aws_subnet.private",
            "aws_subnet.public",
            "aws_vpc.main"
          ]
        },
        {
          "index_key": 1,
          "schema_version": 0,
          "attributes": {
            "gateway_id": "",
            "id": "rtbassoc-0d081c3d557108faf",
            "route_table_id": "rtb-0af4aa19ea23409a1",
            "subnet_id": "subnet-03b208df0d8bfeb74",
            "timeouts": null
          },
          "sensitive_attributes": [],
          "identity_schema_version": 0,
          "private": "eyJlMmJmYjczMC1lY2FhLTExZTYtOGY4OC0zNDM2M2JjN2M0YzAiOnsiY3JlYXRlIjozMDAwMDAwMDAwMDAsImRlbGV0ZSI6MzAwMDAwMDAwMDAwLCJ1cGRhdGUiOjEyMDAwMDAwMDAwMH19",
          "dependencies": [
            "aws_eip.nat",
            "aws_internet_gateway.main",
            "aws_nat_gateway.main",
            "aws_route_table.private",
            "aws_subnet.private",
            "aws_subnet.public",
            "aws_vpc.main"
          ]
        }
      ]
    },
    {
      "mode": "managed",
      "type": "aws_route_table_association",
      "name": "public",
      "provider": "provider[\"registry.terraform.io/hashicorp/aws\"]",
      "instances": [
        {
          "index_key": 0,
          "schema_version": 0,
          "attributes": {
            "gateway_id": "",
            "id": "rtbassoc-0840460b1b3b1a481",
            "route_table_id": "rtb-08b92b6fbdf0a1c92",
            "subnet_id": "subnet-08879e1855ab34c78",
            "timeouts": null
          },
          "sensitive_attributes": [],
          "identity_schema_version": 0,
          "private": "eyJlMmJmYjczMC1lY2FhLTExZTYtOGY4OC0zNDM2M2JjN2M0YzAiOnsiY3JlYXRlIjozMDAwMDAwMDAwMDAsImRlbGV0ZSI6MzAwMDAwMDAwMDAwLCJ1cGRhdGUiOjEyMDAwMDAwMDAwMH19",
          "dependencies": [
            "aws_internet_gateway.main",
            "aws_route_table.public",
            "aws_subnet.public",
            "aws_vpc.main"
          ]
        },
        {
          "index_key": 1,
          "schema_version": 0,
          "attributes": {
            "gateway_id": "",
            "id": "rtbassoc-01833dc26ec084831",
            "route_table_id": "rtb-08b92b6fbdf0a1c92",
            "subnet_id": "subnet-00981048a2d586f0c",
            "timeouts": null
          },
          "sensitive_attributes": [],
          "identity_schema_version": 0,
          "private": "eyJlMmJmYjczMC1lY2FhLTExZTYtOGY4OC0zNDM2M2JjN2M0YzAiOnsiY3JlYXRlIjozMDAwMDAwMDAwMDAsImRlbGV0ZSI6MzAwMDAwMDAwMDAwLCJ1cGRhdGUiOjEyMDAwMDAwMDAwMH19",
          "dependencies": [
            "aws_internet_gateway.main",
            "aws_route_table.public",
            "aws_subnet.public",
            "aws_vpc.main"
          ]
        }
      ]
    },
    {
      "mode": "managed",
      "type": "aws_security_group",
      "name": "alb",
      "provider": "provider[\"registry.terraform.io/hashicorp/aws\"]",
      "instances": [
        {
          "schema_version": 1,
          "attributes": {
            "arn": "arn:aws:ec2:us-east-1:576076729982:security-group/sg-030a1b6063f760e4b",
            "description": "Security group for Application Load Balancer",
            "egress": [
              {
                "cidr_blocks": [
                  "0.0.0.0/0"
                ],
                "description": "Allow all outbound traffic",
                "from_port": 0,
                "ipv6_cidr_blocks": [],
                "prefix_list_ids": [],
                "protocol": "-1",
                "security_groups": [],
                "self": false,
                "to_port": 0
              }
            ],
            "id": "sg-030a1b6063f760e4b",
            "ingress": [
              {
                "cidr_blocks": [
                  "0.0.0.0/0"
                ],
                "description": "HTTP from anywhere",
                "from_port": 80,
                "ipv6_cidr_blocks": [],
                "prefix_list_ids": [],
                "protocol": "tcp",
                "security_groups": [],
                "self": false,
                "to_port": 80
              }
            ],
            "name": "Harshit-Parmar_alb_sg",
            "name_prefix": "",
            "owner_id": "576076729982",
            "revoke_rules_on_delete": false,
            "tags": {
              "Name": "Harshit-Parmar_alb_sg"
            },
            "tags_all": {
              "Name": "Harshit-Parmar_alb_sg"
            },
            "timeouts": null,
            "vpc_id": "vpc-059d977f76e5e8f1e"
          },
          "sensitive_attributes": [],
          "identity_schema_version": 0,
          "private": "eyJlMmJmYjczMC1lY2FhLTExZTYtOGY4OC0zNDM2M2JjN2M0YzAiOnsiY3JlYXRlIjo2MDAwMDAwMDAwMDAsImRlbGV0ZSI6OTAwMDAwMDAwMDAwfSwic2NoZW1hX3ZlcnNpb24iOiIxIn0=",
          "dependencies": [
            "aws_vpc.main"
          ],
          "create_before_destroy": true
        }
      ]
    },
    {
      "mode": "managed",
      "type": "aws_security_group",
      "name": "ec2",
      "provider": "provider[\"registry.terraform.io/hashicorp/aws\"]",
      "instances": [
        {
          "schema_version": 1,
          "attributes": {
            "arn": "arn:aws:ec2:us-east-1:576076729982:security-group/sg-03bb8f951c1f5fcf0",
            "description": "Security group for EC2 instances",
            "egress": [
              {
                "cidr_blocks": [
                  "0.0.0.0/0"
                ],
                "description": "Allow all outbound traffic",
                "from_port": 0,
                "ipv6_cidr_blocks": [],
                "prefix_list_ids": [],
                "protocol": "-1",
                "security_groups": [],
                "self": false,
                "to_port": 0
              }
            ],
            "id": "sg-03bb8f951c1f5fcf0",
            "ingress": [
              {
                "cidr_blocks": [],
                "description": "HTTP from ALB",
                "from_port": 80,
                "ipv6_cidr_blocks": [],
                "prefix_list_ids": [],
                "protocol": "tcp",
                "security_groups": [
                  "sg-030a1b6063f760e4b"
                ],
                "self": false,
                "to_port": 80
              }
            ],
            "name": "Harshit-Parmar_ec2_sg",
            "name_prefix": "",
            "owner_id": "576076729982",
            "revoke_rules_on_delete": false,
            "tags": {
              "Name": "Harshit-Parmar_ec2_sg"
            },
            "tags_all": {
              "Name": "Harshit-Parmar_ec2_sg"
            },
            "timeouts": null,
            "vpc_id": "vpc-059d977f76e5e8f1e"
          },
          "sensitive_attributes": [],
          "identity_schema_version": 0,
          "private": "eyJlMmJmYjczMC1lY2FhLTExZTYtOGY4OC0zNDM2M2JjN2M0YzAiOnsiY3JlYXRlIjo2MDAwMDAwMDAwMDAsImRlbGV0ZSI6OTAwMDAwMDAwMDAwfSwic2NoZW1hX3ZlcnNpb24iOiIxIn0=",
          "dependencies": [
            "aws_security_group.alb",
            "aws_vpc.main"
          ],
          "create_before_destroy": true
        }
      ]
    },
    {
      "mode": "managed",
      "type": "aws_subnet",
      "name": "private",
      "provider": "provider[\"registry.terraform.io/hashicorp/aws\"]",
      "instances": [
        {
          "index_key": 0,
          "schema_version": 1,
          "attributes": {
            "arn": "arn:aws:ec2:us-east-1:576076729982:subnet/subnet-0d7860686bbd77f01",
            "assign_ipv6_address_on_creation": false,
            "availability_zone": "us-east-1a",
            "availability_zone_id": "use1-az1",
            "cidr_block": "10.0.11.0/24",
            "customer_owned_ipv4_pool": "",
            "enable_dns64": false,
            "enable_lni_at_device_index": 0,
            "enable_resource_name_dns_a_record_on_launch": false,
            "enable_resource_name_dns_aaaa_record_on_launch": false,
            "id": "subnet-0d7860686bbd77f01",
            "ipv6_cidr_block": "",
            "ipv6_cidr_block_association_id": "",
            "ipv6_native": false,
            "map_customer_owned_ip_on_launch": false,
            "map_public_ip_on_launch": false,
            "outpost_arn": "",
            "owner_id": "576076729982",
            "private_dns_hostname_type_on_launch": "ip-name",
            "tags": {
              "Name": "Harshit-Parmar_private_subnet_1",
              "Type": "Private"
            },
            "tags_all": {
              "Name": "Harshit-Parmar_private_subnet_1",
              "Type": "Private"
            },
            "timeouts": null,
            "vpc_id": "vpc-059d977f76e5e8f1e"
          },
          "sensitive_attributes": [],
          "identity_schema_version": 0,
          "private": "eyJlMmJmYjczMC1lY2FhLTExZTYtOGY4OC0zNDM2M2JjN2M0YzAiOnsiY3JlYXRlIjo2MDAwMDAwMDAwMDAsImRlbGV0ZSI6MTIwMDAwMDAwMDAwMH0sInNjaGVtYV92ZXJzaW9uIjoiMSJ9",
          "dependencies": [
            "aws_vpc.main"
          ],
          "create_before_destroy": true
        },
        {
          "index_key": 1,
          "schema_version": 1,
          "attributes": {
            "arn": "arn:aws:ec2:us-east-1:576076729982:subnet/subnet-03b208df0d8bfeb74",
            "assign_ipv6_address_on_creation": false,
            "availability_zone": "us-east-1b",
            "availability_zone_id": "use1-az2",
            "cidr_block": "10.0.12.0/24",
            "customer_owned_ipv4_pool": "",
            "enable_dns64": false,
            "enable_lni_at_device_index": 0,
            "enable_resource_name_dns_a_record_on_launch": false,
            "enable_resource_name_dns_aaaa_record_on_launch": false,
            "id": "subnet-03b208df0d8bfeb74",
            "ipv6_cidr_block": "",
            "ipv6_cidr_block_association_id": "",
            "ipv6_native": false,
            "map_customer_owned_ip_on_launch": false,
            "map_public_ip_on_launch": false,
            "outpost_arn": "",
            "owner_id": "576076729982",
            "private_dns_hostname_type_on_launch": "ip-name",
            "tags": {
              "Name": "Harshit-Parmar_private_subnet_2",
              "Type": "Private"
            },
            "tags_all": {
              "Name": "Harshit-Parmar_private_subnet_2",
              "Type": "Private"
            },
            "timeouts": null,
            "vpc_id": "vpc-059d977f76e5e8f1e"
          },
          "sensitive_attributes": [],
          "identity_schema_version": 0,
          "private": "eyJlMmJmYjczMC1lY2FhLTExZTYtOGY4OC0zNDM2M2JjN2M0YzAiOnsiY3JlYXRlIjo2MDAwMDAwMDAwMDAsImRlbGV0ZSI6MTIwMDAwMDAwMDAwMH0sInNjaGVtYV92ZXJzaW9uIjoiMSJ9",
          "dependencies": [
            "aws_vpc.main"
          ],
          "create_before_destroy": true
        }
      ]
    },
    {
      "mode": "managed",
      "type": "aws_subnet",
      "name": "public",
      "provider": "provider[\"registry.terraform.io/hashicorp/aws\"]",
      "instances": [
        {
          "index_key": 0,
          "schema_version": 1,
          "attributes": {
            "arn": "arn:aws:ec2:us-east-1:576076729982:subnet/subnet-08879e1855ab34c78",
            "assign_ipv6_address_on_creation": false,
            "availability_zone": "us-east-1a",
            "availability_zone_id": "use1-az1",
            "cidr_block": "10.0.1.0/24",
            "customer_owned_ipv4_pool": "",
            "enable_dns64": false,
            "enable_lni_at_device_index": 0,
            "enable_resource_name_dns_a_record_on_launch": false,
            "enable_resource_name_dns_aaaa_record_on_launch": false,
            "id": "subnet-08879e1855ab34c78",
            "ipv6_cidr_block": "",
            "ipv6_cidr_block_association_id": "",
            "ipv6_native": false,
            "map_customer_owned_ip_on_launch": false,
            "map_public_ip_on_launch": true,
            "outpost_arn": "",
            "owner_id": "576076729982",
            "private_dns_hostname_type_on_launch": "ip-name",
            "tags": {
              "Name": "Harshit-Parmar_public_subnet_1",
              "Type": "Public"
            },
            "tags_all": {
              "Name": "Harshit-Parmar_public_subnet_1",
              "Type": "Public"
            },
            "timeouts": null,
            "vpc_id": "vpc-059d977f76e5e8f1e"
          },
          "sensitive_attributes": [],
          "identity_schema_version": 0,
          "private": "eyJlMmJmYjczMC1lY2FhLTExZTYtOGY4OC0zNDM2M2JjN2M0YzAiOnsiY3JlYXRlIjo2MDAwMDAwMDAwMDAsImRlbGV0ZSI6MTIwMDAwMDAwMDAwMH0sInNjaGVtYV92ZXJzaW9uIjoiMSJ9",
          "dependencies": [
            "aws_vpc.main"
          ]
        },
        {
          "index_key": 1,
          "schema_version": 1,
          "attributes": {
            "arn": "arn:aws:ec2:us-east-1:576076729982:subnet/subnet-00981048a2d586f0c",
            "assign_ipv6_address_on_creation": false,
            "availability_zone": "us-east-1b",
            "availability_zone_id": "use1-az2",
            "cidr_block": "10.0.2.0/24",
            "customer_owned_ipv4_pool": "",
            "enable_dns64": false,
            "enable_lni_at_device_index": 0,
            "enable_resource_name_dns_a_record_on_launch": false,
            "enable_resource_name_dns_aaaa_record_on_launch": false,
            "id": "subnet-00981048a2d586f0c",
            "ipv6_cidr_block": "",
            "ipv6_cidr_block_association_id": "",
            "ipv6_native": false,
            "map_customer_owned_ip_on_launch": false,
            "map_public_ip_on_launch": true,
            "outpost_arn": "",
            "owner_id": "576076729982",
            "private_dns_hostname_type_on_launch": "ip-name",
            "tags": {
              "Name": "Harshit-Parmar_public_subnet_2",
              "Type": "Public"
            },
            "tags_all": {
              "Name": "Harshit-Parmar_public_subnet_2",
              "Type": "Public"
            },
            "timeouts": null,
            "vpc_id": "vpc-059d977f76e5e8f1e"
          },
          "sensitive_attributes": [],
          "identity_schema_version": 0,
          "private": "eyJlMmJmYjczMC1lY2FhLTExZTYtOGY4OC0zNDM2M2JjN2M0YzAiOnsiY3JlYXRlIjo2MDAwMDAwMDAwMDAsImRlbGV0ZSI6MTIwMDAwMDAwMDAwMH0sInNjaGVtYV92ZXJzaW9uIjoiMSJ9",
          "dependencies": [
            "aws_vpc.main"
          ]
        }
      ]
    },
    {
      "mode": "managed",
      "type": "aws_vpc",
      "name": "main",
      "provider": "provider[\"registry.terraform.io/hashicorp/aws\"]",
      "instances": [
        {
          "schema_version": 1,
          "attributes": {
            "arn": "arn:aws:ec2:us-east-1:576076729982:vpc/vpc-059d977f76e5e8f1e",
            "assign_generated_ipv6_cidr_block": false,
            "cidr_block": "10.0.0.0/16",
            "default_network_acl_id": "acl-01db715b623395ade",
            "default_route_table_id": "rtb-06c8750b2f77c950c",
            "default_security_group_id": "sg-051694b8ca4c4cf5a",
            "dhcp_options_id": "dopt-07ddee6c4510c2c01",
            "enable_dns_hostnames": true,
            "enable_dns_support": true,
            "enable_network_address_usage_metrics": false,
            "id": "vpc-059d977f76e5e8f1e",
            "instance_tenancy": "default",
            "ipv4_ipam_pool_id": null,
            "ipv4_netmask_length": null,
            "ipv6_association_id": "",
            "ipv6_cidr_block": "",
            "ipv6_cidr_block_network_border_group": "",
            "ipv6_ipam_pool_id": "",
            "ipv6_netmask_length": 0,
            "main_route_table_id": "rtb-06c8750b2f77c950c",
            "owner_id": "576076729982",
            "tags": {
              "Name": "Harshit-Parmar_vpc"
            },
            "tags_all": {
              "Name": "Harshit-Parmar_vpc"
            }
          },
          "sensitive_attributes": [],
          "identity_schema_version": 0,
          "private": "eyJzY2hlbWFfdmVyc2lvbiI6IjEifQ==",
          "create_before_destroy": true
        }
      ]
    }
  ],
  "check_results": null
}
